
Microsoft Visual Studio Solution File, Format Version 12.00
# Visual Studio Version 17
VisualStudioVersion = 17.7.34031.279
MinimumVisualStudioVersion = 10.0.40219.1
Project("{FAE04EC0-301F-11D3-BF4B-00C04F79EFBC}") = "lab1_MDK", "lab1_MDK\lab1_MDK.csproj", "{69636F2A-67E2-41C2-AE13-C337BFE18C91}"
EndProject
Global
	GlobalSection(SolutionConfigurationPlatforms) = preSolution
		Debug|Any CPU = Debug|Any CPU
		Release|Any CPU = Release|Any CPU
	EndGlobalSection
	GlobalSection(ProjectConfigurationPlatforms) = postSolution
		{69636F2A-67E2-41C2-AE13-C337BFE18C91}.Debug|Any CPU.ActiveCfg = Debug|Any CPU
		{69636F2A-67E2-41C2-AE13-C337BFE18C91}.Debug|Any CPU.Build.0 = Debug|Any CPU
		{69636F2A-67E2-41C2-AE13-C337BFE18C91}.Release|Any CPU.ActiveCfg = Release|Any CPU
		{69636F2A-67E2-41C2-AE13-C337BFE18C91}.Release|Any CPU.Build.0 = Release|Any CPU
	EndGlobalSection
	GlobalSection(SolutionProperties) = preSolution
		HideSolutionNode = FALSE
	EndGlobalSection
	GlobalSection(ExtensibilityGlobals) = postSolution
		SolutionGuid = {4D326968-3484-42E0-B83F-A4F006835552}
	EndGlobalSection
EndGlobal
